{
  "name": "native-nalle",
  "version": "0.1.0",
  "lockfileVersion": 1,
  "dependencies": {
    "react-native-button": {
      "version": "2.0.0",
      "resolved": "https://registry.npmjs.org/react-native-button/-/react-native-button-2.0.0.tgz",
      "integrity": "sha1-W3mPCsjJxb/Ulcf18wi+tJ7UCks="
    }
  }
}
